{
    "version": 3,
    "terraform_version": "0.11.10",
    "serial": 12,
    "lineage": "ed451e5f-4cd5-9f80-70a7-05ba82ba681c",
    "modules": [
        {
            "path": [
                "root"
            ],
            "outputs": {
                "image_out": {
                    "sensitive": false,
                    "type": "string",
                    "value": "sha256:55a118e2a010d079e6fcfff7b182715f0abf2613ab2bd496a95cdd0b0e8dc998"
                }
            },
            "resources": {
                "null_resource.null_id": {
                    "type": "null_resource",
                    "depends_on": [
                        "module.container"
                    ],
                    "primary": {
                        "id": "1162907053577615716",
                        "attributes": {
                            "id": "1162907053577615716"
                        },
                        "meta": {},
                        "tainted": true
                    },
                    "deposed": [],
                    "provider": "provider.null"
                }
            },
            "depends_on": []
        },
        {
            "path": [
                "root",
                "container"
            ],
            "outputs": {
                "ip": {
                    "sensitive": false,
                    "type": "string",
                    "value": "172.17.0.2"
                }
            },
            "resources": {
                "docker_container.container_id": {
                    "type": "docker_container",
                    "depends_on": [],
                    "primary": {
                        "id": "94043571cd93162b80479bea0d7fb60a7f09ba8bbea9563c7d8962ccc58e665f",
                        "attributes": {
                            "attach": "false",
                            "bridge": "",
                            "gateway": "172.17.0.1",
                            "id": "94043571cd93162b80479bea0d7fb60a7f09ba8bbea9563c7d8962ccc58e665f",
                            "image": "sha256:55a118e2a010d079e6fcfff7b182715f0abf2613ab2bd496a95cdd0b0e8dc998",
                            "ip_address": "172.17.0.2",
                            "ip_prefix_length": "16",
                            "log_driver": "json-file",
                            "logs": "false",
                            "must_run": "true",
                            "name": "webserver",
                            "network_data.#": "1",
                            "network_data.0.gateway": "172.17.0.1",
                            "network_data.0.ip_address": "172.17.0.2",
                            "network_data.0.ip_prefix_length": "16",
                            "network_data.0.network_name": "bridge",
                            "ports.#": "1",
                            "ports.0.external": "80",
                            "ports.0.internal": "80",
                            "ports.0.ip": "0.0.0.0",
                            "ports.0.protocol": "tcp",
                            "restart": "no",
                            "rm": "false",
                            "start": "true"
                        },
                        "meta": {},
                        "tainted": false
                    },
                    "deposed": [],
                    "provider": "provider.docker"
                }
            },
            "depends_on": []
        },
        {
            "path": [
                "root",
                "image"
            ],
            "outputs": {
                "image_out": {
                    "sensitive": false,
                    "type": "string",
                    "value": "sha256:55a118e2a010d079e6fcfff7b182715f0abf2613ab2bd496a95cdd0b0e8dc998"
                }
            },
            "resources": {
                "docker_image.image_id": {
                    "type": "docker_image",
                    "depends_on": [],
                    "primary": {
                        "id": "sha256:55a118e2a010d079e6fcfff7b182715f0abf2613ab2bd496a95cdd0b0e8dc998httpd:latest",
                        "attributes": {
                            "id": "sha256:55a118e2a010d079e6fcfff7b182715f0abf2613ab2bd496a95cdd0b0e8dc998httpd:latest",
                            "latest": "sha256:55a118e2a010d079e6fcfff7b182715f0abf2613ab2bd496a95cdd0b0e8dc998",
                            "name": "httpd:latest"
                        },
                        "meta": {},
                        "tainted": false
                    },
                    "deposed": [],
                    "provider": "provider.docker"
                }
            },
            "depends_on": []
        }
    ]
}
