{
    "version": 3,
    "terraform_version": "0.11.10",
    "serial": 12,
    "lineage": "4720bcfa-3d68-4fbd-4e18-9242c33b04dd",
    "modules": [
        {
            "path": [
                "root"
            ],
            "outputs": {
                "image_out": {
                    "sensitive": false,
                    "type": "string",
                    "value": "sha256:55a118e2a010d079e6fcfff7b182715f0abf2613ab2bd496a95cdd0b0e8dc998"
                }
            },
            "resources": {},
            "depends_on": []
        },
        {
            "path": [
                "root",
                "container"
            ],
            "outputs": {
                "image_out": {
                    "sensitive": false,
                    "type": "string",
                    "value": "docker_image.image_id.latest"
                }
            },
            "resources": {
                "docker_container.container_id": {
                    "type": "docker_container",
                    "depends_on": [],
                    "primary": {
                        "id": "e3243abb6e107079367b3191a82ca768680f43ec5724f82c2545f2175f00de01",
                        "attributes": {
                            "attach": "false",
                            "bridge": "",
                            "gateway": "172.17.0.1",
                            "id": "e3243abb6e107079367b3191a82ca768680f43ec5724f82c2545f2175f00de01",
                            "image": "sha256:55a118e2a010d079e6fcfff7b182715f0abf2613ab2bd496a95cdd0b0e8dc998",
                            "ip_address": "172.17.0.2",
                            "ip_prefix_length": "16",
                            "log_driver": "json-file",
                            "logs": "false",
                            "must_run": "true",
                            "name": "webserver",
                            "network_data.#": "1",
                            "network_data.0.gateway": "172.17.0.1",
                            "network_data.0.ip_address": "172.17.0.2",
                            "network_data.0.ip_prefix_length": "16",
                            "network_data.0.network_name": "bridge",
                            "ports.#": "1",
                            "ports.0.external": "80",
                            "ports.0.internal": "80",
                            "ports.0.ip": "0.0.0.0",
                            "ports.0.protocol": "tcp",
                            "restart": "no",
                            "rm": "false",
                            "start": "true"
                        },
                        "meta": {},
                        "tainted": false
                    },
                    "deposed": [],
                    "provider": "provider.docker"
                }
            },
            "depends_on": []
        },
        {
            "path": [
                "root",
                "image"
            ],
            "outputs": {
                "image_out": {
                    "sensitive": false,
                    "type": "string",
                    "value": "sha256:55a118e2a010d079e6fcfff7b182715f0abf2613ab2bd496a95cdd0b0e8dc998"
                }
            },
            "resources": {
                "docker_image.image_id": {
                    "type": "docker_image",
                    "depends_on": [],
                    "primary": {
                        "id": "sha256:55a118e2a010d079e6fcfff7b182715f0abf2613ab2bd496a95cdd0b0e8dc998httpd:latest",
                        "attributes": {
                            "id": "sha256:55a118e2a010d079e6fcfff7b182715f0abf2613ab2bd496a95cdd0b0e8dc998httpd:latest",
                            "latest": "sha256:55a118e2a010d079e6fcfff7b182715f0abf2613ab2bd496a95cdd0b0e8dc998",
                            "name": "httpd:latest"
                        },
                        "meta": {},
                        "tainted": false
                    },
                    "deposed": [],
                    "provider": "provider.docker"
                }
            },
            "depends_on": []
        }
    ]
}
